{
  "name": "ng2-charts-demo",
  "version": "^1.0.0",
  "lockfileVersion": 3,
  "requires": true,
  "packages": {
    "": {
      "name": "ng2-charts-demo",
      "version": "^1.0.0",
      "license": "MIT",
      "dependencies": {
        "@angular/animations": "20.0.0",
        "@angular/cdk": "20.0.0",
        "@angular/common": "20.0.0",
        "@angular/compiler": "20.0.0",
        "@angular/core": "20.0.0",
        "@angular/forms": "20.0.0",
        "@angular/material": "20.0.0",
        "@angular/platform-browser": "20.0.0",
        "@angular/platform-browser-dynamic": "20.0.0",
        "@angular/platform-server": "20.0.0",
        "@angular/router": "20.0.0",
        "@angular/ssr": "20.0.0"
      },
      "devDependencies": {}
    },
    "node_modules/@angular/animations": {
      "version": "20.0.0",
      "resolved": "https://registry.npmjs.org/@angular/animations/-/animations-20.0.0.tgz",
      "integrity": "sha512-yU4hUH6AheY0dnMSaLRMfgnXhg/JUSUvrhE+lHzIiSKdEf0lyo1Ri6bkPD1CbamxZ94BqhRNCApvbvTbibGICQ==",
      "license": "MIT",
      "dependencies": {
        "tslib": "^2.3.0"
      },
      "engines": {
        "node": "^20.19.0 || ^22.12.0 || >=24.0.0"
      },
      "peerDependencies": {
        "@angular/common": "20.0.0",
        "@angular/core": "20.0.0"
      }
    },
    "node_modules/@angular/cdk": {
      "version": "20.0.0",
      "resolved": "https://registry.npmjs.org/@angular/cdk/-/cdk-20.0.0.tgz",
      "integrity": "sha512-m7YwhztKgmLo7hJwggeyY28DFuKIKu6F9y6d8eV7dpILgNz9tI9uuwFFDOKe4rLJG2hV1ywyGP070k8z1kpAkw==",
      "license": "MIT",
      "dependencies": {
        "parse5": "^7.1.2",
        "tslib": "^2.3.0"
      },
      "peerDependencies": {
        "@angular/common": "^20.0.0 || ^21.0.0",
        "@angular/core": "^20.0.0 || ^21.0.0",
        "rxjs": "^6.5.3 || ^7.4.0"
      }
    },
    "node_modules/@angular/common": {
      "version": "20.0.0",
      "resolved": "https://registry.npmjs.org/@angular/common/-/common-20.0.0.tgz",
      "integrity": "sha512-tZTvxDjx+wH74/hIpip63u4tlaXNVXkq1iVf4gk7RPQGCAYLNPDWma8X+RpXMXWikn4/mA5NS1VBBtStTbS+gg==",
      "license": "MIT",
      "dependencies": {
        "tslib": "^2.3.0"
      },
      "engines": {
        "node": "^20.19.0 || ^22.12.0 || >=24.0.0"
      },
      "peerDependencies": {
        "@angular/core": "20.0.0",
        "rxjs": "^6.5.3 || ^7.4.0"
      }
    },
    "node_modules/@angular/compiler": {
      "version": "20.0.0",
      "resolved": "https://registry.npmjs.org/@angular/compiler/-/compiler-20.0.0.tgz",
      "integrity": "sha512-RzS7MFNy/f8Tft0u6Q1zszzFTeki4408zsBALwmS91a8O8x/jaEvfwA7swC7RiqiX9KKmAyuBJ0qiv42v1T5dA==",
      "license": "MIT",
      "dependencies": {
        "tslib": "^2.3.0"
      },
      "engines": {
        "node": "^20.19.0 || ^22.12.0 || >=24.0.0"
      }
    },
    "node_modules/@angular/core": {
      "version": "20.0.0",
      "resolved": "https://registry.npmjs.org/@angular/core/-/core-20.0.0.tgz",
      "integrity": "sha512-2UjKbTtYSY8omY+LE4G6hQ1/R4PkE6NY7/2u99TxLH/oOnc9broCH1g9ITU+n0eJURcOFeK0/w6RdSrK+di3pg==",
      "license": "MIT",
      "dependencies": {
        "tslib": "^2.3.0"
      },
      "engines": {
        "node": "^20.19.0 || ^22.12.0 || >=24.0.0"
      },
      "peerDependencies": {
        "@angular/compiler": "20.0.0",
        "rxjs": "^6.5.3 || ^7.4.0",
        "zone.js": "~0.15.0"
      },
      "peerDependenciesMeta": {
        "@angular/compiler": {
          "optional": true
        },
        "zone.js": {
          "optional": true
        }
      }
    },
    "node_modules/@angular/forms": {
      "version": "20.0.0",
      "resolved": "https://registry.npmjs.org/@angular/forms/-/forms-20.0.0.tgz",
      "integrity": "sha512-6yeb99IrNyeyj7o0bbd+n3JTZrXX2dJfdYLJH3tlXVlO9wg63bq+YR1AeM+RDCYMs+YDJis0lQpF6s+OICJv4g==",
      "license": "MIT",
      "dependencies": {
        "tslib": "^2.3.0"
      },
      "engines": {
        "node": "^20.19.0 || ^22.12.0 || >=24.0.0"
      },
      "peerDependencies": {
        "@angular/common": "20.0.0",
        "@angular/core": "20.0.0",
        "@angular/platform-browser": "20.0.0",
        "rxjs": "^6.5.3 || ^7.4.0"
      }
    },
    "node_modules/@angular/material": {
      "version": "20.0.0",
      "resolved": "https://registry.npmjs.org/@angular/material/-/material-20.0.0.tgz",
      "integrity": "sha512-uhSICVswGHwLuQg0Cn9q9ppdEBhpJDdW5FEotiVqjfPXjp/S6k7m/Ho8BNbDLdJNuMjF3uypc+tgzJIO+SHIOw==",
      "license": "MIT",
      "dependencies": {
        "tslib": "^2.3.0"
      },
      "peerDependencies": {
        "@angular/cdk": "20.0.0",
        "@angular/common": "^20.0.0 || ^21.0.0",
        "@angular/core": "^20.0.0 || ^21.0.0",
        "@angular/forms": "^20.0.0 || ^21.0.0",
        "@angular/platform-browser": "^20.0.0 || ^21.0.0",
        "rxjs": "^6.5.3 || ^7.4.0"
      }
    },
    "node_modules/@angular/platform-browser": {
      "version": "20.0.0",
      "resolved": "https://registry.npmjs.org/@angular/platform-browser/-/platform-browser-20.0.0.tgz",
      "integrity": "sha512-FP9YjT2beF0tov0wub6+eUQqJd2MwyYqEQQ6+Qx67ukd04plIryhrcImORehrsN24DbnHkyTqhCvUyNAZs2uwA==",
      "license": "MIT",
      "dependencies": {
        "tslib": "^2.3.0"
      },
      "engines": {
        "node": "^20.19.0 || ^22.12.0 || >=24.0.0"
      },
      "peerDependencies": {
        "@angular/animations": "20.0.0",
        "@angular/common": "20.0.0",
        "@angular/core": "20.0.0"
      },
      "peerDependenciesMeta": {
        "@angular/animations": {
          "optional": true
        }
      }
    },
    "node_modules/@angular/platform-browser-dynamic": {
      "version": "20.0.0",
      "resolved": "https://registry.npmjs.org/@angular/platform-browser-dynamic/-/platform-browser-dynamic-20.0.0.tgz",
      "integrity": "sha512-AACq3Ijuq59SdLDmfxWU8hYlo8O4Br9OHWNAga2W0X6p/7HlpeZZVdTlb/KGVYRKJvGpgSB10QYlRPfm215q9Q==",
      "license": "MIT",
      "dependencies": {
        "tslib": "^2.3.0"
      },
      "engines": {
        "node": "^20.19.0 || ^22.12.0 || >=24.0.0"
      },
      "peerDependencies": {
        "@angular/common": "20.0.0",
        "@angular/compiler": "20.0.0",
        "@angular/core": "20.0.0",
        "@angular/platform-browser": "20.0.0"
      }
    },
    "node_modules/@angular/platform-server": {
      "version": "20.0.0",
      "resolved": "https://registry.npmjs.org/@angular/platform-server/-/platform-server-20.0.0.tgz",
      "integrity": "sha512-H2Qw6bZYYQdZKrMv6YS1k65+mXCRFBAZJziFeNUG9HreKaSNBlqCvrR/ru6TLo6UhItpX3bS/y9u/lBcGP/Ejg==",
      "license": "MIT",
      "dependencies": {
        "tslib": "^2.3.0",
        "xhr2": "^0.2.0"
      },
      "engines": {
        "node": "^20.19.0 || ^22.12.0 || >=24.0.0"
      },
      "peerDependencies": {
        "@angular/common": "20.0.0",
        "@angular/compiler": "20.0.0",
        "@angular/core": "20.0.0",
        "@angular/platform-browser": "20.0.0",
        "rxjs": "^6.5.3 || ^7.4.0"
      }
    },
    "node_modules/@angular/router": {
      "version": "20.0.0",
      "resolved": "https://registry.npmjs.org/@angular/router/-/router-20.0.0.tgz",
      "integrity": "sha512-RQ7rU4NaZDSvvOfMZQmB50q7de+jrHYb+f0ExLKBvr80B1MK3oc9VvI2BzBkGfM4aGx71MMa0UizjOiT/31kqw==",
      "license": "MIT",
      "dependencies": {
        "tslib": "^2.3.0"
      },
      "engines": {
        "node": "^20.19.0 || ^22.12.0 || >=24.0.0"
      },
      "peerDependencies": {
        "@angular/common": "20.0.0",
        "@angular/core": "20.0.0",
        "@angular/platform-browser": "20.0.0",
        "rxjs": "^6.5.3 || ^7.4.0"
      }
    },
    "node_modules/@angular/ssr": {
      "version": "20.0.0",
      "resolved": "https://registry.npmjs.org/@angular/ssr/-/ssr-20.0.0.tgz",
      "integrity": "sha512-ezca+E3A3zRbMDmvyyclgDX38JvmXb0ZvqGkgQGURa12+5dHvwy8hnDT1eBoRxXBedp+cnIkxXxLjTzXb4/4Hw==",
      "license": "MIT",
      "dependencies": {
        "tslib": "^2.3.0"
      },
      "peerDependencies": {
        "@angular/common": "^20.0.0",
        "@angular/core": "^20.0.0",
        "@angular/platform-server": "^20.0.0",
        "@angular/router": "^20.0.0"
      },
      "peerDependenciesMeta": {
        "@angular/platform-server": {
          "optional": true
        }
      }
    },
    "node_modules/entities": {
      "version": "4.5.0",
      "resolved": "https://registry.npmjs.org/entities/-/entities-4.5.0.tgz",
      "integrity": "sha512-V0hjH4dGPh9Ao5p0MoRY6BVqtwCjhz6vI5LT8AJ55H+4g9/4vbHx1I54fS0XuclLhDHArPQCiMjDxjaL8fPxhw==",
      "engines": {
        "node": ">=0.12"
      },
      "funding": {
        "url": "https://github.com/fb55/entities?sponsor=1"
      }
    },
    "node_modules/parse5": {
      "version": "7.2.1",
      "resolved": "https://registry.npmjs.org/parse5/-/parse5-7.2.1.tgz",
      "integrity": "sha512-BuBYQYlv1ckiPdQi/ohiivi9Sagc9JG+Ozs0r7b/0iK3sKmrb0b9FdWdBbOdx6hBCM/F9Ir82ofnBhtZOjCRPQ==",
      "dependencies": {
        "entities": "^4.5.0"
      },
      "funding": {
        "url": "https://github.com/inikulin/parse5?sponsor=1"
      }
    },
    "node_modules/rxjs": {
      "version": "7.8.2",
      "resolved": "https://registry.npmjs.org/rxjs/-/rxjs-7.8.2.tgz",
      "integrity": "sha512-dhKf903U/PQZY6boNNtAGdWbG85WAbjT/1xYoZIC7FAY0yWapOBQVsVrDl58W86//e1VpMNBtRV4MaXfdMySFA==",
      "license": "Apache-2.0",
      "peer": true,
      "dependencies": {
        "tslib": "^2.1.0"
      }
    },
    "node_modules/tslib": {
      "version": "2.8.1",
      "resolved": "https://registry.npmjs.org/tslib/-/tslib-2.8.1.tgz",
      "integrity": "sha512-oJFu94HQb+KVduSUQL7wnpmqnfmLsOA/nAh6b6EH0wCEoK0/mPeXU6c3wKDV83MkOuHPRHtSXKKU99IBazS/2w=="
    },
    "node_modules/xhr2": {
      "version": "0.2.1",
      "resolved": "https://registry.npmjs.org/xhr2/-/xhr2-0.2.1.tgz",
      "integrity": "sha512-sID0rrVCqkVNUn8t6xuv9+6FViXjUVXq8H5rWOH2rz9fDNQEd4g0EA2XlcEdJXRz5BMEn4O1pJFdT+z4YHhoWw==",
      "engines": {
        "node": ">= 6"
      }
    },
    "node_modules/zone.js": {
      "version": "0.15.0",
      "resolved": "https://registry.npmjs.org/zone.js/-/zone.js-0.15.0.tgz",
      "integrity": "sha512-9oxn0IIjbCZkJ67L+LkhYWRyAy7axphb3VgE2MBDlOqnmHMPWGYMxJxBYFueFq/JGY2GMwS0rU+UCLunEmy5UA==",
      "optional": true,
      "peer": true
    }
  }
}
