{
  "name": "ng2-charts",
  "version": "1.0.4",
  "lockfileVersion": 1,
  "requires": true,
  "dependencies": {
    "@types/chart.js": {
      "version": "2.7.45",
      "resolved": "https://registry.npmjs.org/@types/chart.js/-/chart.js-2.7.45.tgz",
      "integrity": "sha512-4uY+gN+ryPCX6DwgDN0a726mThl7MKunobzQh4Z8KX+19bvjtDy1tNSamOfEFDBiGcTEishIjAdPFI83B9vQgA==",
      "dev": true
    }
  }
}
